
Microsoft Visual Studio Solution File, Format Version 12.00
Project("{FAE04EC0-301F-11D3-BF4B-00C04F79EFBC}") = "ProjectWebSchool", "ProjectWebSchool\ProjectWebSchool.csproj", "{89FC89B8-E264-4C92-BA14-318D2A22451D}"
EndProject
Global
	GlobalSection(SolutionConfigurationPlatforms) = preSolution
		Debug|Any CPU = Debug|Any CPU
		Release|Any CPU = Release|Any CPU
	EndGlobalSection
	GlobalSection(ProjectConfigurationPlatforms) = postSolution
		{89FC89B8-E264-4C92-BA14-318D2A22451D}.Debug|Any CPU.ActiveCfg = Debug|Any CPU
		{89FC89B8-E264-4C92-BA14-318D2A22451D}.Debug|Any CPU.Build.0 = Debug|Any CPU
		{89FC89B8-E264-4C92-BA14-318D2A22451D}.Release|Any CPU.ActiveCfg = Release|Any CPU
		{89FC89B8-E264-4C92-BA14-318D2A22451D}.Release|Any CPU.Build.0 = Release|Any CPU
	EndGlobalSection
EndGlobal
